
Microsoft Visual Studio Solution File, Format Version 12.00
# Visual Studio Version 17
VisualStudioVersion = 17.4.33213.308
MinimumVisualStudioVersion = 10.0.40219.1
Project("{8BC9CEB8-8B4A-11D0-8D11-00A0C91BC942}") = "Pandemie", "Pandemie.vcxproj", "{61BE3A49-6000-467C-9C1C-6A258423B8D9}"
EndProject
Project("{888888A0-9F3D-457C-B088-3A5042F75D52}") = "IHM", "IHM\IHM.pyproj", "{CDA9B1DA-2DFD-4F28-9C77-3C1852C9EE10}"
EndProject
Project("{2150E333-8FDC-42A3-9474-1A3956D46DE8}") = "Éléments de solution", "Éléments de solution", "{68A19A23-9BF0-4AED-B52F-EA942A89CDB7}"
	ProjectSection(SolutionItems) = preProject
		.gitattributes = .gitattributes
		.gitignore = .gitignore
		LICENSE = LICENSE
	EndProjectSection
EndProject
Global
	GlobalSection(SolutionConfigurationPlatforms) = preSolution
		Debug|Any CPU = Debug|Any CPU
		Debug|x64 = Debug|x64
		Debug|x86 = Debug|x86
		Release|Any CPU = Release|Any CPU
		Release|x64 = Release|x64
		Release|x86 = Release|x86
	EndGlobalSection
	GlobalSection(ProjectConfigurationPlatforms) = postSolution
		{61BE3A49-6000-467C-9C1C-6A258423B8D9}.Debug|Any CPU.ActiveCfg = Debug|x64
		{61BE3A49-6000-467C-9C1C-6A258423B8D9}.Debug|Any CPU.Build.0 = Debug|x64
		{61BE3A49-6000-467C-9C1C-6A258423B8D9}.Debug|x64.ActiveCfg = Debug|x64
		{61BE3A49-6000-467C-9C1C-6A258423B8D9}.Debug|x64.Build.0 = Debug|x64
		{61BE3A49-6000-467C-9C1C-6A258423B8D9}.Debug|x86.ActiveCfg = Debug|Win32
		{61BE3A49-6000-467C-9C1C-6A258423B8D9}.Debug|x86.Build.0 = Debug|Win32
		{61BE3A49-6000-467C-9C1C-6A258423B8D9}.Release|Any CPU.ActiveCfg = Release|x64
		{61BE3A49-6000-467C-9C1C-6A258423B8D9}.Release|Any CPU.Build.0 = Release|x64
		{61BE3A49-6000-467C-9C1C-6A258423B8D9}.Release|x64.ActiveCfg = Release|x64
		{61BE3A49-6000-467C-9C1C-6A258423B8D9}.Release|x64.Build.0 = Release|x64
		{61BE3A49-6000-467C-9C1C-6A258423B8D9}.Release|x86.ActiveCfg = Release|Win32
		{61BE3A49-6000-467C-9C1C-6A258423B8D9}.Release|x86.Build.0 = Release|Win32
		{CDA9B1DA-2DFD-4F28-9C77-3C1852C9EE10}.Debug|Any CPU.ActiveCfg = Debug|Any CPU
		{CDA9B1DA-2DFD-4F28-9C77-3C1852C9EE10}.Debug|x64.ActiveCfg = Debug|Any CPU
		{CDA9B1DA-2DFD-4F28-9C77-3C1852C9EE10}.Debug|x86.ActiveCfg = Debug|Any CPU
		{CDA9B1DA-2DFD-4F28-9C77-3C1852C9EE10}.Release|Any CPU.ActiveCfg = Release|Any CPU
		{CDA9B1DA-2DFD-4F28-9C77-3C1852C9EE10}.Release|x64.ActiveCfg = Release|Any CPU
		{CDA9B1DA-2DFD-4F28-9C77-3C1852C9EE10}.Release|x86.ActiveCfg = Release|Any CPU
	EndGlobalSection
	GlobalSection(SolutionProperties) = preSolution
		HideSolutionNode = FALSE
	EndGlobalSection
	GlobalSection(ExtensibilityGlobals) = postSolution
		SolutionGuid = {AF3A4ED8-A8AC-41ED-8221-BE7EDE56C4B4}
	EndGlobalSection
EndGlobal
